
Microsoft Visual Studio Solution File, Format Version 12.00
# Visual Studio Version 16
VisualStudioVersion = 16.0.31911.196
MinimumVisualStudioVersion = 10.0.40219.1
Project("{9A19103F-16F7-4668-BE54-9A1E7A4F7556}") = "OOP_lesson2", "OOP\OOP_lesson2.csproj", "{0238A360-E460-4B5B-A8A6-A0E6BB7E5136}"
EndProject
Project("{FAE04EC0-301F-11D3-BF4B-00C04F79EFBC}") = "Intro_OOP_lesson6", "Intro_OOP_lesson6\Intro_OOP_lesson6.csproj", "{20175300-FDDA-48D7-9B36-F5ABDC10E62C}"
EndProject
Global
	GlobalSection(SolutionConfigurationPlatforms) = preSolution
		Debug|Any CPU = Debug|Any CPU
		Release|Any CPU = Release|Any CPU
	EndGlobalSection
	GlobalSection(ProjectConfigurationPlatforms) = postSolution
		{0238A360-E460-4B5B-A8A6-A0E6BB7E5136}.Debug|Any CPU.ActiveCfg = Debug|Any CPU
		{0238A360-E460-4B5B-A8A6-A0E6BB7E5136}.Debug|Any CPU.Build.0 = Debug|Any CPU
		{0238A360-E460-4B5B-A8A6-A0E6BB7E5136}.Release|Any CPU.ActiveCfg = Release|Any CPU
		{0238A360-E460-4B5B-A8A6-A0E6BB7E5136}.Release|Any CPU.Build.0 = Release|Any CPU
		{20175300-FDDA-48D7-9B36-F5ABDC10E62C}.Debug|Any CPU.ActiveCfg = Debug|Any CPU
		{20175300-FDDA-48D7-9B36-F5ABDC10E62C}.Debug|Any CPU.Build.0 = Debug|Any CPU
		{20175300-FDDA-48D7-9B36-F5ABDC10E62C}.Release|Any CPU.ActiveCfg = Release|Any CPU
		{20175300-FDDA-48D7-9B36-F5ABDC10E62C}.Release|Any CPU.Build.0 = Release|Any CPU
	EndGlobalSection
	GlobalSection(SolutionProperties) = preSolution
		HideSolutionNode = FALSE
	EndGlobalSection
	GlobalSection(ExtensibilityGlobals) = postSolution
		SolutionGuid = {971291A5-61EC-46DB-880C-A6229132FBC2}
	EndGlobalSection
EndGlobal
